{
  "name": "get",
  "version": "1.0.0",
  "lockfileVersion": 3,
  "requires": true,
  "packages": {
    "": {
      "name": "get",
      "version": "1.0.0",
      "license": "ISC",
      "dependencies": {
        "@aws-sdk/lib-dynamodb": "^3.1035.0"
      }
    },
    "node_modules/@aws-crypto/sha256-browser": {
      "version": "5.2.0",
      "resolved": "https://registry.npmjs.org/@aws-crypto/sha256-browser/-/sha256-browser-5.2.0.tgz",
      "integrity": "sha512-AXfN/lGotSQwu6HNcEsIASo7kWXZ5HYWvfOmSNKDsEqC4OashTp8alTmaz+F7TC2L083SFv5RdB+qU3Vs1kZqw==",
      "license": "Apache-2.0",
      "peer": true,
      "dependencies": {
        "@aws-crypto/sha256-js": "^5.2.0",
        "@aws-crypto/supports-web-crypto": "^5.2.0",
        "@aws-crypto/util": "^5.2.0",
        "@aws-sdk/types": "^3.222.0",
        "@aws-sdk/util-locate-window": "^3.0.0",
        "@smithy/util-utf8": "^2.0.0",
        "tslib": "^2.6.2"
      }
    },
    "node_modules/@aws-crypto/sha256-browser/node_modules/@smithy/is-array-buffer": {
      "version": "2.2.0",
      "resolved": "https://registry.npmjs.org/@smithy/is-array-buffer/-/is-array-buffer-2.2.0.tgz",
      "integrity": "sha512-GGP3O9QFD24uGeAXYUjwSTXARoqpZykHadOmA8G5vfJPK0/DC67qa//0qvqrJzL1xc8WQWX7/yc7fwudjPHPhA==",
      "license": "Apache-2.0",
      "peer": true,
      "dependencies": {
        "tslib": "^2.6.2"
      },
      "engines": {
        "node": ">=14.0.0"
      }
    },
    "node_modules/@aws-crypto/sha256-browser/node_modules/@smithy/util-buffer-from": {
      "version": "2.2.0",
      "resolved": "https://registry.npmjs.org/@smithy/util-buffer-from/-/util-buffer-from-2.2.0.tgz",
      "integrity": "sha512-IJdWBbTcMQ6DA0gdNhh/BwrLkDR+ADW5Kr1aZmd4k3DIF6ezMV4R2NIAmT08wQJ3yUK82thHWmC/TnK/wpMMIA==",
      "license": "Apache-2.0",
      "peer": true,
      "dependencies": {
        "@smithy/is-array-buffer": "^2.2.0",
        "tslib": "^2.6.2"
      },
      "engines": {
        "node": ">=14.0.0"
      }
    },
    "node_modules/@aws-crypto/sha256-browser/node_modules/@smithy/util-utf8": {
      "version": "2.3.0",
      "resolved": "https://registry.npmjs.org/@smithy/util-utf8/-/util-utf8-2.3.0.tgz",
      "integrity": "sha512-R8Rdn8Hy72KKcebgLiv8jQcQkXoLMOGGv5uI1/k0l+snqkOzQ1R0ChUBCxWMlBsFMekWjq0wRudIweFs7sKT5A==",
      "license": "Apache-2.0",
      "peer": true,
      "dependencies": {
        "@smithy/util-buffer-from": "^2.2.0",
        "tslib": "^2.6.2"
      },
      "engines": {
        "node": ">=14.0.0"
      }
    },
    "node_modules/@aws-crypto/sha256-js": {
      "version": "5.2.0",
      "resolved": "https://registry.npmjs.org/@aws-crypto/sha256-js/-/sha256-js-5.2.0.tgz",
      "integrity": "sha512-FFQQyu7edu4ufvIZ+OadFpHHOt+eSTBaYaki44c+akjg7qZg9oOQeLlk77F6tSYqjDAFClrHJk9tMf0HdVyOvA==",
      "license": "Apache-2.0",
      "peer": true,
      "dependencies": {
        "@aws-crypto/util": "^5.2.0",
        "@aws-sdk/types": "^3.222.0",
        "tslib": "^2.6.2"
      },
      "engines": {
        "node": ">=16.0.0"
      }
    },
    "node_modules/@aws-crypto/supports-web-crypto": {
      "version": "5.2.0",
      "license": "Apache-2.0",
      "peer": true,
      "dependencies": {
        "tslib": "^2.6.2"
      }
    },
    "node_modules/@aws-crypto/util": {
      "version": "5.2.0",
      "license": "Apache-2.0",
      "peer": true,
      "dependencies": {
        "@aws-sdk/types": "^3.222.0",
        "@smithy/util-utf8": "^2.0.0",
        "tslib": "^2.6.2"
      }
    },
    "node_modules/@aws-crypto/util/node_modules/@smithy/util-utf8": {
      "peer": true
    },
    "node_modules/@aws-sdk/client-dynamodb": {
      "version": "3.1035.0",
      "resolved": "https://registry.npmjs.org/@aws-sdk/client-dynamodb/-/client-dynamodb-3.1035.0.tgz",
      "integrity": "sha512-hTsGSMN9YNWzA5x6qithYeLIocIXgoU55PqRAAPAS9cQyzKNhiM5zvoJbe1WnMrXY7cSNmaoqEiC0o5ZCtK4vQ==",
      "license": "Apache-2.0",
      "peer": true,
      "dependencies": {
        "@aws-crypto/sha256-browser": "5.2.0",
        "@aws-crypto/sha256-js": "5.2.0",
        "@aws-sdk/core": "^3.974.4",
        "@aws-sdk/credential-provider-node": "^3.972.35",
        "@aws-sdk/dynamodb-codec": "^3.973.4",
        "@aws-sdk/middleware-endpoint-discovery": "^3.972.11",
        "@aws-sdk/middleware-host-header": "^3.972.10",
        "@aws-sdk/middleware-logger": "^3.972.10",
        "@aws-sdk/middleware-recursion-detection": "^3.972.11",
        "@aws-sdk/middleware-user-agent": "^3.972.34",
        "@aws-sdk/region-config-resolver": "^3.972.13",
        "@aws-sdk/types": "^3.973.8",
        "@aws-sdk/util-endpoints": "^3.996.8",
        "@aws-sdk/util-user-agent-browser": "^3.972.10",
        "@aws-sdk/util-user-agent-node": "^3.973.20",
        "@smithy/config-resolver": "^4.4.17",
        "@smithy/core": "^3.23.16",
        "@smithy/fetch-http-handler": "^5.3.17",
        "@smithy/hash-node": "^4.2.14",
        "@smithy/invalid-dependency": "^4.2.14",
        "@smithy/middleware-content-length": "^4.2.14",
        "@smithy/middleware-endpoint": "^4.4.31",
        "@smithy/middleware-retry": "^4.5.4",
        "@smithy/middleware-serde": "^4.2.19",
        "@smithy/middleware-stack": "^4.2.14",
        "@smithy/node-config-provider": "^4.3.14",
        "@smithy/node-http-handler": "^4.6.0",
        "@smithy/protocol-http": "^5.3.14",
        "@smithy/smithy-client": "^4.12.12",
        "@smithy/types": "^4.14.1",
        "@smithy/url-parser": "^4.2.14",
        "@smithy/util-base64": "^4.3.2",
        "@smithy/util-body-length-browser": "^4.2.2",
        "@smithy/util-body-length-node": "^4.2.3",
        "@smithy/util-defaults-mode-browser": "^4.3.48",
        "@smithy/util-defaults-mode-node": "^4.2.53",
        "@smithy/util-endpoints": "^3.4.2",
        "@smithy/util-middleware": "^4.2.14",
        "@smithy/util-retry": "^4.3.3",
        "@smithy/util-utf8": "^4.2.2",
        "@smithy/util-waiter": "^4.2.16",
        "tslib": "^2.6.2"
      },
      "engines": {
        "node": ">=20.0.0"
      }
    },
    "node_modules/@aws-sdk/core": {
      "version": "3.974.4",
      "resolved": "https://registry.npmjs.org/@aws-sdk/core/-/core-3.974.4.tgz",
      "integrity": "sha512-EbVgyzQ83/Lf6oh1O4vYY47tuYw3Aosthh865LNU77KyotKz+uvEBNmsl/bSVS/vG+IU39mCqcOHrnhmhF4lug==",
      "license": "Apache-2.0",
      "dependencies": {
        "@aws-sdk/types": "^3.973.8",
        "@aws-sdk/xml-builder": "^3.972.18",
        "@smithy/core": "^3.23.16",
        "@smithy/node-config-provider": "^4.3.14",
        "@smithy/property-provider": "^4.2.14",
        "@smithy/protocol-http": "^5.3.14",
        "@smithy/signature-v4": "^5.3.14",
        "@smithy/smithy-client": "^4.12.12",
        "@smithy/types": "^4.14.1",
        "@smithy/util-base64": "^4.3.2",
        "@smithy/util-middleware": "^4.2.14",
        "@smithy/util-retry": "^4.3.3",
        "@smithy/util-utf8": "^4.2.2",
        "tslib": "^2.6.2"
      },
      "engines": {
        "node": ">=20.0.0"
      }
    },
    "node_modules/@aws-sdk/credential-provider-env": {
      "version": "3.972.30",
      "license": "Apache-2.0",
      "peer": true,
      "dependencies": {
        "@aws-sdk/core": "^3.974.4",
        "@aws-sdk/types": "^3.973.8",
        "@smithy/property-provider": "^4.2.14",
        "@smithy/types": "^4.14.1",
        "tslib": "^2.6.2"
      },
      "engines": {
        "node": ">=20.0.0"
      }
    },
    "node_modules/@aws-sdk/credential-provider-http": {
      "version": "3.972.32",
      "license": "Apache-2.0",
      "peer": true,
      "dependencies": {
        "@aws-sdk/core": "^3.974.4",
        "@aws-sdk/types": "^3.973.8",
        "@smithy/fetch-http-handler": "^5.3.17",
        "@smithy/node-http-handler": "^4.6.0",
        "@smithy/property-provider": "^4.2.14",
        "@smithy/protocol-http": "^5.3.14",
        "@smithy/smithy-client": "^4.12.12",
        "@smithy/types": "^4.14.1",
        "@smithy/util-stream": "^4.5.24",
        "tslib": "^2.6.2"
      },
      "engines": {
        "node": ">=20.0.0"
      }
    },
    "node_modules/@aws-sdk/credential-provider-ini": {
      "version": "3.972.34",
      "license": "Apache-2.0",
      "peer": true,
      "dependencies": {
        "@aws-sdk/core": "^3.974.4",
        "@aws-sdk/credential-provider-env": "^3.972.30",
        "@aws-sdk/credential-provider-http": "^3.972.32",
        "@aws-sdk/credential-provider-login": "^3.972.34",
        "@aws-sdk/credential-provider-process": "^3.972.30",
        "@aws-sdk/credential-provider-sso": "^3.972.34",
        "@aws-sdk/credential-provider-web-identity": "^3.972.34",
        "@aws-sdk/nested-clients": "^3.997.2",
        "@aws-sdk/types": "^3.973.8",
        "@smithy/credential-provider-imds": "^4.2.14",
        "@smithy/property-provider": "^4.2.14",
        "@smithy/shared-ini-file-loader": "^4.4.9",
        "@smithy/types": "^4.14.1",
        "tslib": "^2.6.2"
      },
      "engines": {
        "node": ">=20.0.0"
      }
    },
    "node_modules/@aws-sdk/credential-provider-login": {
      "version": "3.972.34",
      "license": "Apache-2.0",
      "peer": true,
      "dependencies": {
        "@aws-sdk/core": "^3.974.4",
        "@aws-sdk/nested-clients": "^3.997.2",
        "@aws-sdk/types": "^3.973.8",
        "@smithy/property-provider": "^4.2.14",
        "@smithy/protocol-http": "^5.3.14",
        "@smithy/shared-ini-file-loader": "^4.4.9",
        "@smithy/types": "^4.14.1",
        "tslib": "^2.6.2"
      },
      "engines": {
        "node": ">=20.0.0"
      }
    },
    "node_modules/@aws-sdk/credential-provider-node": {
      "version": "3.972.35",
      "resolved": "https://registry.npmjs.org/@aws-sdk/credential-provider-node/-/credential-provider-node-3.972.35.tgz",
      "integrity": "sha512-nVrY7AdGfzYgAa/jd9m06p3ES7QQDaB7zN9c+vXnVXxBRkAs9MjRDPB5AKogWuC6phddltfvHGFqLDJmyU9u/A==",
      "license": "Apache-2.0",
      "peer": true,
      "dependencies": {
        "@aws-sdk/credential-provider-env": "^3.972.30",
        "@aws-sdk/credential-provider-http": "^3.972.32",
        "@aws-sdk/credential-provider-ini": "^3.972.34",
        "@aws-sdk/credential-provider-process": "^3.972.30",
        "@aws-sdk/credential-provider-sso": "^3.972.34",
        "@aws-sdk/credential-provider-web-identity": "^3.972.34",
        "@aws-sdk/types": "^3.973.8",
        "@smithy/credential-provider-imds": "^4.2.14",
        "@smithy/property-provider": "^4.2.14",
        "@smithy/shared-ini-file-loader": "^4.4.9",
        "@smithy/types": "^4.14.1",
        "tslib": "^2.6.2"
      },
      "engines": {
        "node": ">=20.0.0"
      }
    },
    "node_modules/@aws-sdk/credential-provider-process": {
      "version": "3.972.30",
      "license": "Apache-2.0",
      "peer": true,
      "dependencies": {
        "@aws-sdk/core": "^3.974.4",
        "@aws-sdk/types": "^3.973.8",
        "@smithy/property-provider": "^4.2.14",
        "@smithy/shared-ini-file-loader": "^4.4.9",
        "@smithy/types": "^4.14.1",
        "tslib": "^2.6.2"
      },
      "engines": {
        "node": ">=20.0.0"
      }
    },
    "node_modules/@aws-sdk/credential-provider-sso": {
      "version": "3.972.34",
      "license": "Apache-2.0",
      "peer": true,
      "dependencies": {
        "@aws-sdk/core": "^3.974.4",
        "@aws-sdk/nested-clients": "^3.997.2",
        "@aws-sdk/token-providers": "3.1035.0",
        "@aws-sdk/types": "^3.973.8",
        "@smithy/property-provider": "^4.2.14",
        "@smithy/shared-ini-file-loader": "^4.4.9",
        "@smithy/types": "^4.14.1",
        "tslib": "^2.6.2"
      },
      "engines": {
        "node": ">=20.0.0"
      }
    },
    "node_modules/@aws-sdk/credential-provider-web-identity": {
      "version": "3.972.34",
      "license": "Apache-2.0",
      "peer": true,
      "dependencies": {
        "@aws-sdk/core": "^3.974.4",
        "@aws-sdk/nested-clients": "^3.997.2",
        "@aws-sdk/types": "^3.973.8",
        "@smithy/property-provider": "^4.2.14",
        "@smithy/shared-ini-file-loader": "^4.4.9",
        "@smithy/types": "^4.14.1",
        "tslib": "^2.6.2"
      },
      "engines": {
        "node": ">=20.0.0"
      }
    },
    "node_modules/@aws-sdk/dynamodb-codec": {
      "version": "3.973.4",
      "resolved": "https://registry.npmjs.org/@aws-sdk/dynamodb-codec/-/dynamodb-codec-3.973.4.tgz",
      "integrity": "sha512-2+pPGfVpOm999wRwSM5xqJW7AaccjdeLuAQvvuImlMVtB2SnX04we7D271Cb+rLPqhJ1wN/AEcBtDmj+vRqvFg==",
      "license": "Apache-2.0",
      "peer": true,
      "dependencies": {
        "@aws-sdk/core": "^3.974.4",
        "@smithy/core": "^3.23.16",
        "@smithy/types": "^4.14.1",
        "@smithy/util-base64": "^4.3.2",
        "tslib": "^2.6.2"
      },
      "engines": {
        "node": ">=20.0.0"
      }
    },
    "node_modules/@aws-sdk/endpoint-cache": {
      "version": "3.972.5",
      "license": "Apache-2.0",
      "peer": true,
      "dependencies": {
        "mnemonist": "0.38.3",
        "tslib": "^2.6.2"
      },
      "engines": {
        "node": ">=20.0.0"
      }
    },
    "node_modules/@aws-sdk/lib-dynamodb": {
      "version": "3.1035.0",
      "resolved": "https://registry.npmjs.org/@aws-sdk/lib-dynamodb/-/lib-dynamodb-3.1035.0.tgz",
      "integrity": "sha512-476aQrBI7VHDKXMoZWJnlQIWLUYp/3VdYgac2tRqD32PXqMi/olBUugEggiAu7L/UkpLI2Ed69GUzGfls0b59g==",
      "license": "Apache-2.0",
      "dependencies": {
        "@aws-sdk/core": "^3.974.4",
        "@aws-sdk/util-dynamodb": "^3.996.2",
        "@smithy/core": "^3.23.16",
        "@smithy/smithy-client": "^4.12.12",
        "@smithy/types": "^4.14.1",
        "tslib": "^2.6.2"
      },
      "engines": {
        "node": ">=20.0.0"
      },
      "peerDependencies": {
        "@aws-sdk/client-dynamodb": "^3.1035.0"
      }
    },
    "node_modules/@aws-sdk/middleware-endpoint-discovery": {
      "version": "3.972.11",
      "resolved": "https://registry.npmjs.org/@aws-sdk/middleware-endpoint-discovery/-/middleware-endpoint-discovery-3.972.11.tgz",
      "integrity": "sha512-vXARCZVFQHdsd6qPPZyC/hh+5x2XsCYKqUQDCqnUlpGpChMpDojOOacQWdLJ+FFXKN8X3cmLOGrtgx/zysCKqQ==",
      "license": "Apache-2.0",
      "peer": true,
      "dependencies": {
        "@aws-sdk/endpoint-cache": "^3.972.5",
        "@aws-sdk/types": "^3.973.8",
        "@smithy/node-config-provider": "^4.3.14",
        "@smithy/protocol-http": "^5.3.14",
        "@smithy/types": "^4.14.1",
        "tslib": "^2.6.2"
      },
      "engines": {
        "node": ">=20.0.0"
      }
    },
    "node_modules/@aws-sdk/middleware-host-header": {
      "version": "3.972.10",
      "resolved": "https://registry.npmjs.org/@aws-sdk/middleware-host-header/-/middleware-host-header-3.972.10.tgz",
      "integrity": "sha512-IJSsIMeVQ8MMCPbuh1AbltkFhLBLXn7aejzfX5YKT/VLDHn++Dcz8886tXckE+wQssyPUhaXrJhdakO2VilRhg==",
      "license": "Apache-2.0",
      "peer": true,
      "dependencies": {
        "@aws-sdk/types": "^3.973.8",
        "@smithy/protocol-http": "^5.3.14",
        "@smithy/types": "^4.14.1",
        "tslib": "^2.6.2"
      },
      "engines": {
        "node": ">=20.0.0"
      }
    },
    "node_modules/@aws-sdk/middleware-logger": {
      "version": "3.972.10",
      "resolved": "https://registry.npmjs.org/@aws-sdk/middleware-logger/-/middleware-logger-3.972.10.tgz",
      "integrity": "sha512-OOuGvvz1Dm20SjZo5oEBePFqxt5nf8AwkNDSyUHvD9/bfNASmstcYxFAHUowy4n6Io7mWUZ04JURZwSBvyQanQ==",
      "license": "Apache-2.0",
      "peer": true,
      "dependencies": {
        "@aws-sdk/types": "^3.973.8",
        "@smithy/types": "^4.14.1",
        "tslib": "^2.6.2"
      },
      "engines": {
        "node": ">=20.0.0"
      }
    },
    "node_modules/@aws-sdk/middleware-recursion-detection": {
      "version": "3.972.11",
      "resolved": "https://registry.npmjs.org/@aws-sdk/middleware-recursion-detection/-/middleware-recursion-detection-3.972.11.tgz",
      "integrity": "sha512-+zz6f79Kj9V5qFK2P+D8Ehjnw4AhphAlCAsPjUqEcInA9umtSSKMrHbSagEeOIsDNuvVrH98bjRHcyQukTrhaQ==",
      "license": "Apache-2.0",
      "peer": true,
      "dependencies": {
        "@aws-sdk/types": "^3.973.8",
        "@aws/lambda-invoke-store": "^0.2.2",
        "@smithy/protocol-http": "^5.3.14",
        "@smithy/types": "^4.14.1",
        "tslib": "^2.6.2"
      },
      "engines": {
        "node": ">=20.0.0"
      }
    },
    "node_modules/@aws-sdk/middleware-sdk-s3": {
      "version": "3.972.33",
      "license": "Apache-2.0",
      "peer": true,
      "dependencies": {
        "@aws-sdk/core": "^3.974.4",
        "@aws-sdk/types": "^3.973.8",
        "@aws-sdk/util-arn-parser": "^3.972.3",
        "@smithy/core": "^3.23.16",
        "@smithy/node-config-provider": "^4.3.14",
        "@smithy/protocol-http": "^5.3.14",
        "@smithy/signature-v4": "^5.3.14",
        "@smithy/smithy-client": "^4.12.12",
        "@smithy/types": "^4.14.1",
        "@smithy/util-config-provider": "^4.2.2",
        "@smithy/util-middleware": "^4.2.14",
        "@smithy/util-stream": "^4.5.24",
        "@smithy/util-utf8": "^4.2.2",
        "tslib": "^2.6.2"
      },
      "engines": {
        "node": ">=20.0.0"
      }
    },
    "node_modules/@aws-sdk/middleware-user-agent": {
      "version": "3.972.34",
      "resolved": "https://registry.npmjs.org/@aws-sdk/middleware-user-agent/-/middleware-user-agent-3.972.34.tgz",
      "integrity": "sha512-jrmJHyYlTQocR7H4VhvSFhaoedMb2rmlOTvFWD6tNBQ/EVQhTsrNfQUYFuPiOc2wUGxbm5LgCHtnvVmCPgODHw==",
      "license": "Apache-2.0",
      "peer": true,
      "dependencies": {
        "@aws-sdk/core": "^3.974.4",
        "@aws-sdk/types": "^3.973.8",
        "@aws-sdk/util-endpoints": "^3.996.8",
        "@smithy/core": "^3.23.16",
        "@smithy/protocol-http": "^5.3.14",
        "@smithy/types": "^4.14.1",
        "@smithy/util-retry": "^4.3.3",
        "tslib": "^2.6.2"
      },
      "engines": {
        "node": ">=20.0.0"
      }
    },
    "node_modules/@aws-sdk/nested-clients": {
      "version": "3.997.2",
      "license": "Apache-2.0",
      "peer": true,
      "dependencies": {
        "@aws-crypto/sha256-browser": "5.2.0",
        "@aws-crypto/sha256-js": "5.2.0",
        "@aws-sdk/core": "^3.974.4",
        "@aws-sdk/middleware-host-header": "^3.972.10",
        "@aws-sdk/middleware-logger": "^3.972.10",
        "@aws-sdk/middleware-recursion-detection": "^3.972.11",
        "@aws-sdk/middleware-user-agent": "^3.972.34",
        "@aws-sdk/region-config-resolver": "^3.972.13",
        "@aws-sdk/signature-v4-multi-region": "^3.996.21",
        "@aws-sdk/types": "^3.973.8",
        "@aws-sdk/util-endpoints": "^3.996.8",
        "@aws-sdk/util-user-agent-browser": "^3.972.10",
        "@aws-sdk/util-user-agent-node": "^3.973.20",
        "@smithy/config-resolver": "^4.4.17",
        "@smithy/core": "^3.23.16",
        "@smithy/fetch-http-handler": "^5.3.17",
        "@smithy/hash-node": "^4.2.14",
        "@smithy/invalid-dependency": "^4.2.14",
        "@smithy/middleware-content-length": "^4.2.14",
        "@smithy/middleware-endpoint": "^4.4.31",
        "@smithy/middleware-retry": "^4.5.4",
        "@smithy/middleware-serde": "^4.2.19",
        "@smithy/middleware-stack": "^4.2.14",
        "@smithy/node-config-provider": "^4.3.14",
        "@smithy/node-http-handler": "^4.6.0",
        "@smithy/protocol-http": "^5.3.14",
        "@smithy/smithy-client": "^4.12.12",
        "@smithy/types": "^4.14.1",
        "@smithy/url-parser": "^4.2.14",
        "@smithy/util-base64": "^4.3.2",
        "@smithy/util-body-length-browser": "^4.2.2",
        "@smithy/util-body-length-node": "^4.2.3",
        "@smithy/util-defaults-mode-browser": "^4.3.48",
        "@smithy/util-defaults-mode-node": "^4.2.53",
        "@smithy/util-endpoints": "^3.4.2",
        "@smithy/util-middleware": "^4.2.14",
        "@smithy/util-retry": "^4.3.3",
        "@smithy/util-utf8": "^4.2.2",
        "tslib": "^2.6.2"
      },
      "engines": {
        "node": ">=20.0.0"
      }
    },
    "node_modules/@aws-sdk/region-config-resolver": {
      "version": "3.972.13",
      "resolved": "https://registry.npmjs.org/@aws-sdk/region-config-resolver/-/region-config-resolver-3.972.13.tgz",
      "integrity": "sha512-CvJ2ZIjK/jVD/lbOpowBVElJyC1YxLTIJ13yM0AEo0t2v7swOzGjSA6lJGH+DwZXQhcjUjoYwc8bVYCX5MDr1A==",
      "license": "Apache-2.0",
      "peer": true,
      "dependencies": {
        "@aws-sdk/types": "^3.973.8",
        "@smithy/config-resolver": "^4.4.17",
        "@smithy/node-config-provider": "^4.3.14",
        "@smithy/types": "^4.14.1",
        "tslib": "^2.6.2"
      },
      "engines": {
        "node": ">=20.0.0"
      }
    },
    "node_modules/@aws-sdk/signature-v4-multi-region": {
      "version": "3.996.21",
      "license": "Apache-2.0",
      "peer": true,
      "dependencies": {
        "@aws-sdk/middleware-sdk-s3": "^3.972.33",
        "@aws-sdk/types": "^3.973.8",
        "@smithy/protocol-http": "^5.3.14",
        "@smithy/signature-v4": "^5.3.14",
        "@smithy/types": "^4.14.1",
        "tslib": "^2.6.2"
      },
      "engines": {
        "node": ">=20.0.0"
      }
    },
    "node_modules/@aws-sdk/token-providers": {
      "version": "3.1035.0",
      "license": "Apache-2.0",
      "peer": true,
      "dependencies": {
        "@aws-sdk/core": "^3.974.4",
        "@aws-sdk/nested-clients": "^3.997.2",
        "@aws-sdk/types": "^3.973.8",
        "@smithy/property-provider": "^4.2.14",
        "@smithy/shared-ini-file-loader": "^4.4.9",
        "@smithy/types": "^4.14.1",
        "tslib": "^2.6.2"
      },
      "engines": {
        "node": ">=20.0.0"
      }
    },
    "node_modules/@aws-sdk/types": {
      "version": "3.973.8",
      "resolved": "https://registry.npmjs.org/@aws-sdk/types/-/types-3.973.8.tgz",
      "integrity": "sha512-gjlAdtHMbtR9X5iIhVUvbVcy55KnznpC6bkDUWW9z915bi0ckdUr5cjf16Kp6xq0bP5HBD2xzgbL9F9Quv5vUw==",
      "license": "Apache-2.0",
      "dependencies": {
        "@smithy/types": "^4.14.1",
        "tslib": "^2.6.2"
      },
      "engines": {
        "node": ">=20.0.0"
      }
    },
    "node_modules/@aws-sdk/util-arn-parser": {
      "version": "3.972.3",
      "license": "Apache-2.0",
      "peer": true,
      "dependencies": {
        "tslib": "^2.6.2"
      },
      "engines": {
        "node": ">=20.0.0"
      }
    },
    "node_modules/@aws-sdk/util-dynamodb": {
      "version": "3.996.2",
      "resolved": "https://registry.npmjs.org/@aws-sdk/util-dynamodb/-/util-dynamodb-3.996.2.tgz",
      "integrity": "sha512-ddpwaZmjBzcApYN7lgtAXjk+u+GO8fiPsxzuc59UqP+zqdxI1gsenPvkyiHiF9LnYnyRGijz6oN2JylnN561qQ==",
      "license": "Apache-2.0",
      "dependencies": {
        "tslib": "^2.6.2"
      },
      "engines": {
        "node": ">=20.0.0"
      },
      "peerDependencies": {
        "@aws-sdk/client-dynamodb": "^3.1003.0"
      }
    },
    "node_modules/@aws-sdk/util-endpoints": {
      "version": "3.996.8",
      "resolved": "https://registry.npmjs.org/@aws-sdk/util-endpoints/-/util-endpoints-3.996.8.tgz",
      "integrity": "sha512-oOZHcRDihk5iEe5V25NVWg45b3qEA8OpHWVdU/XQh8Zj4heVPAJqWvMphQnU7LkufmUo10EpvFPZuQMiFLJK3g==",
      "license": "Apache-2.0",
      "peer": true,
      "dependencies": {
        "@aws-sdk/types": "^3.973.8",
        "@smithy/types": "^4.14.1",
        "@smithy/url-parser": "^4.2.14",
        "@smithy/util-endpoints": "^3.4.2",
        "tslib": "^2.6.2"
      },
      "engines": {
        "node": ">=20.0.0"
      }
    },
    "node_modules/@aws-sdk/util-locate-window": {
      "version": "3.965.5",
      "license": "Apache-2.0",
      "peer": true,
      "dependencies": {
        "tslib": "^2.6.2"
      },
      "engines": {
        "node": ">=20.0.0"
      }
    },
    "node_modules/@aws-sdk/util-user-agent-browser": {
      "version": "3.972.10",
      "resolved": "https://registry.npmjs.org/@aws-sdk/util-user-agent-browser/-/util-user-agent-browser-3.972.10.tgz",
      "integrity": "sha512-FAzqXvfEssGdSIz8ejatan0bOdx1qefBWKF/gWmVBXIP1HkS7v/wjjaqrAGGKvyihrXTXW00/2/1nTJtxpXz7g==",
      "license": "Apache-2.0",
      "peer": true,
      "dependencies": {
        "@aws-sdk/types": "^3.973.8",
        "@smithy/types": "^4.14.1",
        "bowser": "^2.11.0",
        "tslib": "^2.6.2"
      }
    },
    "node_modules/@aws-sdk/util-user-agent-node": {
      "version": "3.973.20",
      "resolved": "https://registry.npmjs.org/@aws-sdk/util-user-agent-node/-/util-user-agent-node-3.973.20.tgz",
      "integrity": "sha512-owEqyKr0z5hWwk+uHwudwNhyFMZ9f9eSWr/k/XD6yeDCI7hHyc56s4UOY1iBQmoramTbdAY4UCuLLEuKmjVXrg==",
      "license": "Apache-2.0",
      "peer": true,
      "dependencies": {
        "@aws-sdk/middleware-user-agent": "^3.972.34",
        "@aws-sdk/types": "^3.973.8",
        "@smithy/node-config-provider": "^4.3.14",
        "@smithy/types": "^4.14.1",
        "@smithy/util-config-provider": "^4.2.2",
        "tslib": "^2.6.2"
      },
      "engines": {
        "node": ">=20.0.0"
      },
      "peerDependencies": {
        "aws-crt": ">=1.0.0"
      },
      "peerDependenciesMeta": {
        "aws-crt": {
          "optional": true
        }
      }
    },
    "node_modules/@aws-sdk/xml-builder": {
      "version": "3.972.18",
      "license": "Apache-2.0",
      "dependencies": {
        "@smithy/types": "^4.14.1",
        "fast-xml-parser": "5.5.8",
        "tslib": "^2.6.2"
      },
      "engines": {
        "node": ">=20.0.0"
      }
    },
    "node_modules/@aws/lambda-invoke-store": {
      "version": "0.2.4",
      "license": "Apache-2.0",
      "peer": true,
      "engines": {
        "node": ">=18.0.0"
      }
    },
    "node_modules/@smithy/config-resolver": {
      "version": "4.4.17",
      "resolved": "https://registry.npmjs.org/@smithy/config-resolver/-/config-resolver-4.4.17.tgz",
      "integrity": "sha512-TzDZcAnhTyAHbXVxWZo7/tEcrIeFq20IBk8So3OLOetWpR8EwY/yEqBMBFaJMeyEiREDq4NfEl+qO3OAUD+vbQ==",
      "license": "Apache-2.0",
      "peer": true,
      "dependencies": {
        "@smithy/node-config-provider": "^4.3.14",
        "@smithy/types": "^4.14.1",
        "@smithy/util-config-provider": "^4.2.2",
        "@smithy/util-endpoints": "^3.4.2",
        "@smithy/util-middleware": "^4.2.14",
        "tslib": "^2.6.2"
      },
      "engines": {
        "node": ">=18.0.0"
      }
    },
    "node_modules/@smithy/core": {
      "version": "3.23.16",
      "resolved": "https://registry.npmjs.org/@smithy/core/-/core-3.23.16.tgz",
      "integrity": "sha512-JStomOrINQA1VqNEopLsgcdgwd42au7mykKqVr30XFw89wLt9sDxJDi4djVPRwQmmzyTGy/uOvTc2ultMpFi1w==",
      "license": "Apache-2.0",
      "dependencies": {
        "@smithy/protocol-http": "^5.3.14",
        "@smithy/types": "^4.14.1",
        "@smithy/url-parser": "^4.2.14",
        "@smithy/util-base64": "^4.3.2",
        "@smithy/util-body-length-browser": "^4.2.2",
        "@smithy/util-middleware": "^4.2.14",
        "@smithy/util-stream": "^4.5.24",
        "@smithy/util-utf8": "^4.2.2",
        "@smithy/uuid": "^1.1.2",
        "tslib": "^2.6.2"
      },
      "engines": {
        "node": ">=18.0.0"
      }
    },
    "node_modules/@smithy/credential-provider-imds": {
      "version": "4.2.14",
      "license": "Apache-2.0",
      "peer": true,
      "dependencies": {
        "@smithy/node-config-provider": "^4.3.14",
        "@smithy/property-provider": "^4.2.14",
        "@smithy/types": "^4.14.1",
        "@smithy/url-parser": "^4.2.14",
        "tslib": "^2.6.2"
      },
      "engines": {
        "node": ">=18.0.0"
      }
    },
    "node_modules/@smithy/fetch-http-handler": {
      "version": "5.3.17",
      "resolved": "https://registry.npmjs.org/@smithy/fetch-http-handler/-/fetch-http-handler-5.3.17.tgz",
      "integrity": "sha512-bXOvQzaSm6MnmLaWA1elgfQcAtN4UP3vXqV97bHuoOrHQOJiLT3ds6o9eo5bqd0TJfRFpzdGnDQdW3FACiAVdw==",
      "license": "Apache-2.0",
      "dependencies": {
        "@smithy/protocol-http": "^5.3.14",
        "@smithy/querystring-builder": "^4.2.14",
        "@smithy/types": "^4.14.1",
        "@smithy/util-base64": "^4.3.2",
        "tslib": "^2.6.2"
      },
      "engines": {
        "node": ">=18.0.0"
      }
    },
    "node_modules/@smithy/hash-node": {
      "version": "4.2.14",
      "resolved": "https://registry.npmjs.org/@smithy/hash-node/-/hash-node-4.2.14.tgz",
      "integrity": "sha512-8ZBDY2DD4wr+GGjTpPtiglEsqr0lUP+KHqgZcWczFf6qeZ/YRjMIOoQWVQlmwu7EtxKTd8YXD8lblmYcpBIA1g==",
      "license": "Apache-2.0",
      "peer": true,
      "dependencies": {
        "@smithy/types": "^4.14.1",
        "@smithy/util-buffer-from": "^4.2.2",
        "@smithy/util-utf8": "^4.2.2",
        "tslib": "^2.6.2"
      },
      "engines": {
        "node": ">=18.0.0"
      }
    },
    "node_modules/@smithy/invalid-dependency": {
      "version": "4.2.14",
      "resolved": "https://registry.npmjs.org/@smithy/invalid-dependency/-/invalid-dependency-4.2.14.tgz",
      "integrity": "sha512-c21qJiTSb25xvvOp+H2TNZzPCngrvl5vIPqPB8zQ/DmJF4QWXO19x1dWfMJZ6wZuuWUPPm0gV8C0cU3+ifcWuw==",
      "license": "Apache-2.0",
      "peer": true,
      "dependencies": {
        "@smithy/types": "^4.14.1",
        "tslib": "^2.6.2"
      },
      "engines": {
        "node": ">=18.0.0"
      }
    },
    "node_modules/@smithy/is-array-buffer": {
      "version": "4.2.2",
      "license": "Apache-2.0",
      "dependencies": {
        "tslib": "^2.6.2"
      },
      "engines": {
        "node": ">=18.0.0"
      }
    },
    "node_modules/@smithy/middleware-content-length": {
      "version": "4.2.14",
      "license": "Apache-2.0",
      "peer": true,
      "dependencies": {
        "@smithy/protocol-http": "^5.3.14",
        "@smithy/types": "^4.14.1",
        "tslib": "^2.6.2"
      },
      "engines": {
        "node": ">=18.0.0"
      }
    },
    "node_modules/@smithy/middleware-endpoint": {
      "version": "4.4.31",
      "resolved": "https://registry.npmjs.org/@smithy/middleware-endpoint/-/middleware-endpoint-4.4.31.tgz",
      "integrity": "sha512-KJPdCIN2kOE2aGmqZd7eUTr4WQwOGgtLWgUkswGJggs7rBcQYQjcZMEDa3C0DwbOiXS9L8/wDoQHkfxBYLfiLw==",
      "license": "Apache-2.0",
      "dependencies": {
        "@smithy/core": "^3.23.16",
        "@smithy/middleware-serde": "^4.2.19",
        "@smithy/node-config-provider": "^4.3.14",
        "@smithy/shared-ini-file-loader": "^4.4.9",
        "@smithy/types": "^4.14.1",
        "@smithy/url-parser": "^4.2.14",
        "@smithy/util-middleware": "^4.2.14",
        "tslib": "^2.6.2"
      },
      "engines": {
        "node": ">=18.0.0"
      }
    },
    "node_modules/@smithy/middleware-retry": {
      "version": "4.5.4",
      "license": "Apache-2.0",
      "peer": true,
      "dependencies": {
        "@smithy/core": "^3.23.16",
        "@smithy/node-config-provider": "^4.3.14",
        "@smithy/protocol-http": "^5.3.14",
        "@smithy/service-error-classification": "^4.3.0",
        "@smithy/smithy-client": "^4.12.12",
        "@smithy/types": "^4.14.1",
        "@smithy/util-middleware": "^4.2.14",
        "@smithy/util-retry": "^4.3.3",
        "@smithy/uuid": "^1.1.2",
        "tslib": "^2.6.2"
      },
      "engines": {
        "node": ">=18.0.0"
      }
    },
    "node_modules/@smithy/middleware-serde": {
      "version": "4.2.19",
      "license": "Apache-2.0",
      "dependencies": {
        "@smithy/core": "^3.23.16",
        "@smithy/protocol-http": "^5.3.14",
        "@smithy/types": "^4.14.1",
        "tslib": "^2.6.2"
      },
      "engines": {
        "node": ">=18.0.0"
      }
    },
    "node_modules/@smithy/middleware-stack": {
      "version": "4.2.14",
      "resolved": "https://registry.npmjs.org/@smithy/middleware-stack/-/middleware-stack-4.2.14.tgz",
      "integrity": "sha512-2dvkUKLuFdKsCRmOE4Mn63co0Djtsm+JMh0bYZQupN1pJwMeE8FmQmRLLzzEMN0dnNi7CDCYYH8F0EVwWiPBeA==",
      "license": "Apache-2.0",
      "dependencies": {
        "@smithy/types": "^4.14.1",
        "tslib": "^2.6.2"
      },
      "engines": {
        "node": ">=18.0.0"
      }
    },
    "node_modules/@smithy/node-config-provider": {
      "version": "4.3.14",
      "resolved": "https://registry.npmjs.org/@smithy/node-config-provider/-/node-config-provider-4.3.14.tgz",
      "integrity": "sha512-S+gFjyo/weSVL0P1b9Ts8C/CwIfNCgUPikk3sl6QVsfE/uUuO+QsF+NsE/JkpvWqqyz1wg7HFdiaZuj5CoBMRg==",
      "license": "Apache-2.0",
      "dependencies": {
        "@smithy/property-provider": "^4.2.14",
        "@smithy/shared-ini-file-loader": "^4.4.9",
        "@smithy/types": "^4.14.1",
        "tslib": "^2.6.2"
      },
      "engines": {
        "node": ">=18.0.0"
      }
    },
    "node_modules/@smithy/node-http-handler": {
      "version": "4.6.0",
      "license": "Apache-2.0",
      "dependencies": {
        "@smithy/protocol-http": "^5.3.14",
        "@smithy/querystring-builder": "^4.2.14",
        "@smithy/types": "^4.14.1",
        "tslib": "^2.6.2"
      },
      "engines": {
        "node": ">=18.0.0"
      }
    },
    "node_modules/@smithy/property-provider": {
      "version": "4.2.14",
      "license": "Apache-2.0",
      "dependencies": {
        "@smithy/types": "^4.14.1",
        "tslib": "^2.6.2"
      },
      "engines": {
        "node": ">=18.0.0"
      }
    },
    "node_modules/@smithy/protocol-http": {
      "version": "5.3.14",
      "license": "Apache-2.0",
      "dependencies": {
        "@smithy/types": "^4.14.1",
        "tslib": "^2.6.2"
      },
      "engines": {
        "node": ">=18.0.0"
      }
    },
    "node_modules/@smithy/querystring-builder": {
      "version": "4.2.14",
      "license": "Apache-2.0",
      "dependencies": {
        "@smithy/types": "^4.14.1",
        "@smithy/util-uri-escape": "^4.2.2",
        "tslib": "^2.6.2"
      },
      "engines": {
        "node": ">=18.0.0"
      }
    },
    "node_modules/@smithy/querystring-parser": {
      "version": "4.2.14",
      "license": "Apache-2.0",
      "dependencies": {
        "@smithy/types": "^4.14.1",
        "tslib": "^2.6.2"
      },
      "engines": {
        "node": ">=18.0.0"
      }
    },
    "node_modules/@smithy/service-error-classification": {
      "version": "4.3.0",
      "license": "Apache-2.0",
      "dependencies": {
        "@smithy/types": "^4.14.1"
      },
      "engines": {
        "node": ">=18.0.0"
      }
    },
    "node_modules/@smithy/shared-ini-file-loader": {
      "version": "4.4.9",
      "license": "Apache-2.0",
      "dependencies": {
        "@smithy/types": "^4.14.1",
        "tslib": "^2.6.2"
      },
      "engines": {
        "node": ">=18.0.0"
      }
    },
    "node_modules/@smithy/signature-v4": {
      "version": "5.3.14",
      "license": "Apache-2.0",
      "dependencies": {
        "@smithy/is-array-buffer": "^4.2.2",
        "@smithy/protocol-http": "^5.3.14",
        "@smithy/types": "^4.14.1",
        "@smithy/util-hex-encoding": "^4.2.2",
        "@smithy/util-middleware": "^4.2.14",
        "@smithy/util-uri-escape": "^4.2.2",
        "@smithy/util-utf8": "^4.2.2",
        "tslib": "^2.6.2"
      },
      "engines": {
        "node": ">=18.0.0"
      }
    },
    "node_modules/@smithy/smithy-client": {
      "version": "4.12.12",
      "resolved": "https://registry.npmjs.org/@smithy/smithy-client/-/smithy-client-4.12.12.tgz",
      "integrity": "sha512-daO7SJn4eM6ArbmrEs+/BTbH7af8AEbSL3OMQdcRvvn8tuUcR5rU2n6DgxIV53aXMS42uwK8NgKKCh5XgqYOPQ==",
      "license": "Apache-2.0",
      "dependencies": {
        "@smithy/core": "^3.23.16",
        "@smithy/middleware-endpoint": "^4.4.31",
        "@smithy/middleware-stack": "^4.2.14",
        "@smithy/protocol-http": "^5.3.14",
        "@smithy/types": "^4.14.1",
        "@smithy/util-stream": "^4.5.24",
        "tslib": "^2.6.2"
      },
      "engines": {
        "node": ">=18.0.0"
      }
    },
    "node_modules/@smithy/types": {
      "version": "4.14.1",
      "license": "Apache-2.0",
      "dependencies": {
        "tslib": "^2.6.2"
      },
      "engines": {
        "node": ">=18.0.0"
      }
    },
    "node_modules/@smithy/url-parser": {
      "version": "4.2.14",
      "license": "Apache-2.0",
      "dependencies": {
        "@smithy/querystring-parser": "^4.2.14",
        "@smithy/types": "^4.14.1",
        "tslib": "^2.6.2"
      },
      "engines": {
        "node": ">=18.0.0"
      }
    },
    "node_modules/@smithy/util-base64": {
      "version": "4.3.2",
      "license": "Apache-2.0",
      "dependencies": {
        "@smithy/util-buffer-from": "^4.2.2",
        "@smithy/util-utf8": "^4.2.2",
        "tslib": "^2.6.2"
      },
      "engines": {
        "node": ">=18.0.0"
      }
    },
    "node_modules/@smithy/util-body-length-browser": {
      "version": "4.2.2",
      "resolved": "https://registry.npmjs.org/@smithy/util-body-length-browser/-/util-body-length-browser-4.2.2.tgz",
      "integrity": "sha512-JKCrLNOup3OOgmzeaKQwi4ZCTWlYR5H4Gm1r2uTMVBXoemo1UEghk5vtMi1xSu2ymgKVGW631e2fp9/R610ZjQ==",
      "license": "Apache-2.0",
      "dependencies": {
        "tslib": "^2.6.2"
      },
      "engines": {
        "node": ">=18.0.0"
      }
    },
    "node_modules/@smithy/util-body-length-node": {
      "version": "4.2.3",
      "license": "Apache-2.0",
      "peer": true,
      "dependencies": {
        "tslib": "^2.6.2"
      },
      "engines": {
        "node": ">=18.0.0"
      }
    },
    "node_modules/@smithy/util-buffer-from": {
      "version": "4.2.2",
      "license": "Apache-2.0",
      "dependencies": {
        "@smithy/is-array-buffer": "^4.2.2",
        "tslib": "^2.6.2"
      },
      "engines": {
        "node": ">=18.0.0"
      }
    },
    "node_modules/@smithy/util-config-provider": {
      "version": "4.2.2",
      "license": "Apache-2.0",
      "peer": true,
      "dependencies": {
        "tslib": "^2.6.2"
      },
      "engines": {
        "node": ">=18.0.0"
      }
    },
    "node_modules/@smithy/util-defaults-mode-browser": {
      "version": "4.3.48",
      "license": "Apache-2.0",
      "peer": true,
      "dependencies": {
        "@smithy/property-provider": "^4.2.14",
        "@smithy/smithy-client": "^4.12.12",
        "@smithy/types": "^4.14.1",
        "tslib": "^2.6.2"
      },
      "engines": {
        "node": ">=18.0.0"
      }
    },
    "node_modules/@smithy/util-defaults-mode-node": {
      "version": "4.2.53",
      "resolved": "https://registry.npmjs.org/@smithy/util-defaults-mode-node/-/util-defaults-mode-node-4.2.53.tgz",
      "integrity": "sha512-ybgCk+9JdBq8pYC8Y6U5fjyS8e4sboyAShetxPNL0rRBtaVl56GSFAxsolVBIea1tXR4LPIzL8i6xqmcf0+DCQ==",
      "license": "Apache-2.0",
      "peer": true,
      "dependencies": {
        "@smithy/config-resolver": "^4.4.17",
        "@smithy/credential-provider-imds": "^4.2.14",
        "@smithy/node-config-provider": "^4.3.14",
        "@smithy/property-provider": "^4.2.14",
        "@smithy/smithy-client": "^4.12.12",
        "@smithy/types": "^4.14.1",
        "tslib": "^2.6.2"
      },
      "engines": {
        "node": ">=18.0.0"
      }
    },
    "node_modules/@smithy/util-endpoints": {
      "version": "3.4.2",
      "license": "Apache-2.0",
      "peer": true,
      "dependencies": {
        "@smithy/node-config-provider": "^4.3.14",
        "@smithy/types": "^4.14.1",
        "tslib": "^2.6.2"
      },
      "engines": {
        "node": ">=18.0.0"
      }
    },
    "node_modules/@smithy/util-hex-encoding": {
      "version": "4.2.2",
      "license": "Apache-2.0",
      "dependencies": {
        "tslib": "^2.6.2"
      },
      "engines": {
        "node": ">=18.0.0"
      }
    },
    "node_modules/@smithy/util-middleware": {
      "version": "4.2.14",
      "license": "Apache-2.0",
      "dependencies": {
        "@smithy/types": "^4.14.1",
        "tslib": "^2.6.2"
      },
      "engines": {
        "node": ">=18.0.0"
      }
    },
    "node_modules/@smithy/util-retry": {
      "version": "4.3.3",
      "resolved": "https://registry.npmjs.org/@smithy/util-retry/-/util-retry-4.3.3.tgz",
      "integrity": "sha512-idjUvd4M9Jj6rXkhqw4H4reHoweuK4ZxYWyOrEp4N2rOF5VtaOlQGLDQJva/8WanNXk9ScQtsAb7o5UHGvFm4A==",
      "license": "Apache-2.0",
      "dependencies": {
        "@smithy/service-error-classification": "^4.3.0",
        "@smithy/types": "^4.14.1",
        "tslib": "^2.6.2"
      },
      "engines": {
        "node": ">=18.0.0"
      }
    },
    "node_modules/@smithy/util-stream": {
      "version": "4.5.24",
      "license": "Apache-2.0",
      "dependencies": {
        "@smithy/fetch-http-handler": "^5.3.17",
        "@smithy/node-http-handler": "^4.6.0",
        "@smithy/types": "^4.14.1",
        "@smithy/util-base64": "^4.3.2",
        "@smithy/util-buffer-from": "^4.2.2",
        "@smithy/util-hex-encoding": "^4.2.2",
        "@smithy/util-utf8": "^4.2.2",
        "tslib": "^2.6.2"
      },
      "engines": {
        "node": ">=18.0.0"
      }
    },
    "node_modules/@smithy/util-uri-escape": {
      "version": "4.2.2",
      "license": "Apache-2.0",
      "dependencies": {
        "tslib": "^2.6.2"
      },
      "engines": {
        "node": ">=18.0.0"
      }
    },
    "node_modules/@smithy/util-utf8": {
      "version": "4.2.2",
      "resolved": "https://registry.npmjs.org/@smithy/util-utf8/-/util-utf8-4.2.2.tgz",
      "integrity": "sha512-75MeYpjdWRe8M5E3AW0O4Cx3UadweS+cwdXjwYGBW5h/gxxnbeZ877sLPX/ZJA9GVTlL/qG0dXP29JWFCD1Ayw==",
      "license": "Apache-2.0",
      "dependencies": {
        "@smithy/util-buffer-from": "^4.2.2",
        "tslib": "^2.6.2"
      },
      "engines": {
        "node": ">=18.0.0"
      }
    },
    "node_modules/@smithy/util-waiter": {
      "version": "4.2.16",
      "license": "Apache-2.0",
      "peer": true,
      "dependencies": {
        "@smithy/types": "^4.14.1",
        "tslib": "^2.6.2"
      },
      "engines": {
        "node": ">=18.0.0"
      }
    },
    "node_modules/@smithy/uuid": {
      "version": "1.1.2",
      "license": "Apache-2.0",
      "dependencies": {
        "tslib": "^2.6.2"
      },
      "engines": {
        "node": ">=18.0.0"
      }
    },
    "node_modules/bowser": {
      "version": "2.14.1",
      "license": "MIT",
      "peer": true
    },
    "node_modules/fast-xml-builder": {
      "version": "1.1.5",
      "funding": [
        {
          "type": "github",
          "url": "https://github.com/sponsors/NaturalIntelligence"
        }
      ],
      "license": "MIT",
      "dependencies": {
        "path-expression-matcher": "^1.1.3"
      }
    },
    "node_modules/fast-xml-parser": {
      "version": "5.5.8",
      "funding": [
        {
          "type": "github",
          "url": "https://github.com/sponsors/NaturalIntelligence"
        }
      ],
      "license": "MIT",
      "dependencies": {
        "fast-xml-builder": "^1.1.4",
        "path-expression-matcher": "^1.2.0",
        "strnum": "^2.2.0"
      },
      "bin": {
        "fxparser": "src/cli/cli.js"
      }
    },
    "node_modules/mnemonist": {
      "version": "0.38.3",
      "license": "MIT",
      "peer": true,
      "dependencies": {
        "obliterator": "^1.6.1"
      }
    },
    "node_modules/obliterator": {
      "version": "1.6.1",
      "license": "MIT",
      "peer": true
    },
    "node_modules/path-expression-matcher": {
      "version": "1.5.0",
      "funding": [
        {
          "type": "github",
          "url": "https://github.com/sponsors/NaturalIntelligence"
        }
      ],
      "license": "MIT",
      "engines": {
        "node": ">=14.0.0"
      }
    },
    "node_modules/strnum": {
      "version": "2.2.3",
      "funding": [
        {
          "type": "github",
          "url": "https://github.com/sponsors/NaturalIntelligence"
        }
      ],
      "license": "MIT"
    },
    "node_modules/tslib": {
      "version": "2.8.1",
      "license": "0BSD"
    }
  }
}
